{
  "name": "react-src",
  "version": "0.1.0",
  "lockfileVersion": 1,
  "requires": true,
  "dependencies": {
    "react-icons": {
      "version": "3.0.5",
      "resolved": "https://registry.npmjs.org/react-icons/-/react-icons-3.0.5.tgz",
      "integrity": "sha512-gNOTMhB3QCFsDnBkO0psdcz84BjprjT95pX6SSJ9pNARQozTsBqOKeVl+uw8zMIBGGDX9GpdY9TflnRjiX4z1A=="
    }
  }
}
